// !$*UTF8*$!
{
	archiveVersion = 1;
	classes = {
	};
	objectVersion = 48;
	objects = {

/* Begin PBXBuildFile section */
		A618DFFBEF4AFE8B41056AA2 /* Pods_Marvellous.framework in Frameworks */ = {isa = PBXBuildFile; fileRef = 89C6EBA5FB07A5D7561A4B1C /* Pods_Marvellous.framework */; };
		E30EC9AD20126CE100915455 /* AppDelegate.swift in Sources */ = {isa = PBXBuildFile; fileRef = E30EC9AC20126CE100915455 /* AppDelegate.swift */; };
		E30EC9AF20126CE100915455 /* CharactersViewController.swift in Sources */ = {isa = PBXBuildFile; fileRef = E30EC9AE20126CE100915455 /* CharactersViewController.swift */; };
		E30EC9B220126CE100915455 /* Main.storyboard in Resources */ = {isa = PBXBuildFile; fileRef = E30EC9B020126CE100915455 /* Main.storyboard */; };
		E30EC9B420126CE100915455 /* Assets.xcassets in Resources */ = {isa = PBXBuildFile; fileRef = E30EC9B320126CE100915455 /* Assets.xcassets */; };
		E30EC9B720126CE100915455 /* LaunchScreen.storyboard in Resources */ = {isa = PBXBuildFile; fileRef = E30EC9B520126CE100915455 /* LaunchScreen.storyboard */; };
		E30EC9C220126CE100915455 /* MarvellousTests.swift in Sources */ = {isa = PBXBuildFile; fileRef = E30EC9C120126CE100915455 /* MarvellousTests.swift */; };
		E30EC9CD20126CE100915455 /* MarvellousUITests.swift in Sources */ = {isa = PBXBuildFile; fileRef = E30EC9CC20126CE100915455 /* MarvellousUITests.swift */; };
		E30EC9DB2012EF2600915455 /* CharacterCollectionViewCell.swift in Sources */ = {isa = PBXBuildFile; fileRef = E30EC9DA2012EF2600915455 /* CharacterCollectionViewCell.swift */; };
		E30EC9DF2013654C00915455 /* RoundedView.swift in Sources */ = {isa = PBXBuildFile; fileRef = E30EC9DE2013654C00915455 /* RoundedView.swift */; };
		E30EC9E1201369CA00915455 /* Network.swift in Sources */ = {isa = PBXBuildFile; fileRef = E30EC9E0201369CA00915455 /* Network.swift */; };
		E30EC9E32013737300915455 /* CharactersModel.swift in Sources */ = {isa = PBXBuildFile; fileRef = E30EC9E22013737300915455 /* CharactersModel.swift */; };
		E30EC9E520139C4500915455 /* CharactersViewModel.swift in Sources */ = {isa = PBXBuildFile; fileRef = E30EC9E420139C4500915455 /* CharactersViewModel.swift */; };
		E30ECA272013C70300915455 /* SeriesTableViewController.swift in Sources */ = {isa = PBXBuildFile; fileRef = E30ECA262013C70300915455 /* SeriesTableViewController.swift */; };
		E30ECA292013C7D600915455 /* SerieTableViewCell.swift in Sources */ = {isa = PBXBuildFile; fileRef = E30ECA282013C7D600915455 /* SerieTableViewCell.swift */; };
		E30ECA2B2013C9DB00915455 /* SeriesModel.swift in Sources */ = {isa = PBXBuildFile; fileRef = E30ECA2A2013C9DB00915455 /* SeriesModel.swift */; };
		E30ECA2D2013E26700915455 /* SerieViewModel.swift in Sources */ = {isa = PBXBuildFile; fileRef = E30ECA2C2013E26700915455 /* SerieViewModel.swift */; };
		E30ECA2F201452E700915455 /* Thumbnail.swift in Sources */ = {isa = PBXBuildFile; fileRef = E30ECA2E201452E700915455 /* Thumbnail.swift */; };
		E30ECA312014559C00915455 /* APIKeys.plist in Resources */ = {isa = PBXBuildFile; fileRef = E30ECA302014559C00915455 /* APIKeys.plist */; };
		E30ECA3520146D9000915455 /* ComicsViewController.swift in Sources */ = {isa = PBXBuildFile; fileRef = E30ECA3420146D9000915455 /* ComicsViewController.swift */; };
		E30ECA38201471C200915455 /* ComicsTableViewCell.xib in Resources */ = {isa = PBXBuildFile; fileRef = E30ECA37201471C200915455 /* ComicsTableViewCell.xib */; };
		E30ECA3A2014728200915455 /* ComicsTableViewCell.swift in Sources */ = {isa = PBXBuildFile; fileRef = E30ECA392014728200915455 /* ComicsTableViewCell.swift */; };
		E30ECA3C2014762200915455 /* ComicsModel.swift in Sources */ = {isa = PBXBuildFile; fileRef = E30ECA3B2014762200915455 /* ComicsModel.swift */; };
		E30ECA3E20147BC700915455 /* Summary.swift in Sources */ = {isa = PBXBuildFile; fileRef = E30ECA3D20147BC700915455 /* Summary.swift */; };
		E30ECA4020147D4300915455 /* SummaryContainer.swift in Sources */ = {isa = PBXBuildFile; fileRef = E30ECA3F20147D4300915455 /* SummaryContainer.swift */; };
		E30ECA4220147E0000915455 /* MarvelUrl.swift in Sources */ = {isa = PBXBuildFile; fileRef = E30ECA4120147E0000915455 /* MarvelUrl.swift */; };
		E30ECA44201482A200915455 /* RoundedButton.swift in Sources */ = {isa = PBXBuildFile; fileRef = E30ECA43201482A200915455 /* RoundedButton.swift */; };
		E30ECA4B20148A8C00915455 /* CharacterDetailViewController.swift in Sources */ = {isa = PBXBuildFile; fileRef = E30ECA4A20148A8C00915455 /* CharacterDetailViewController.swift */; };
		E30ECA4E2014943100915455 /* SeriesDetailViewController.swift in Sources */ = {isa = PBXBuildFile; fileRef = E30ECA4D2014943100915455 /* SeriesDetailViewController.swift */; };
		E30ECA512014A94E00915455 /* Common.storyboard in Resources */ = {isa = PBXBuildFile; fileRef = E30ECA502014A94E00915455 /* Common.storyboard */; };
		E30ECA532014AB1C00915455 /* CustomAlertViewController.swift in Sources */ = {isa = PBXBuildFile; fileRef = E30ECA522014AB1C00915455 /* CustomAlertViewController.swift */; };
		E30ECA572014B9D500915455 /* colorline.json in Resources */ = {isa = PBXBuildFile; fileRef = E30ECA562014B9D500915455 /* colorline.json */; };
		E30ECA592014C54A00915455 /* UIViewController+Marvellous.swift in Sources */ = {isa = PBXBuildFile; fileRef = E30ECA582014C54A00915455 /* UIViewController+Marvellous.swift */; };
		E30ECA5C2014C69600915455 /* ComicsViewModel.swift in Sources */ = {isa = PBXBuildFile; fileRef = E30ECA5B2014C69600915455 /* ComicsViewModel.swift */; };
		E30ECA802014D40000915455 /* Alamofire.framework in Frameworks */ = {isa = PBXBuildFile; fileRef = E30ECA732014D3B700915455 /* Alamofire.framework */; };
		E30ECA812014D40000915455 /* Alamofire.framework in Embed Frameworks */ = {isa = PBXBuildFile; fileRef = E30ECA732014D3B700915455 /* Alamofire.framework */; settings = {ATTRIBUTES = (CodeSignOnCopy, RemoveHeadersOnCopy, ); }; };
		E30ECA872014D7A500915455 /* ComicDetailViewController.swift in Sources */ = {isa = PBXBuildFile; fileRef = E30ECA862014D7A500915455 /* ComicDetailViewController.swift */; };
		E30ECA982014DB3100915455 /* ComicCharacterCollectionViewCell.swift in Sources */ = {isa = PBXBuildFile; fileRef = E30ECA972014DB3100915455 /* ComicCharacterCollectionViewCell.swift */; };
		E30ECA9C2015002000915455 /* APIKey.swift in Sources */ = {isa = PBXBuildFile; fileRef = E30ECA9B2015002000915455 /* APIKey.swift */; };
		E3834BEF2015C57F00993EFC /* ComicDataContainer.swift in Sources */ = {isa = PBXBuildFile; fileRef = E3834BEE2015C57F00993EFC /* ComicDataContainer.swift */; };
		E3834BF82015C5A400993EFC /* Comic.swift in Sources */ = {isa = PBXBuildFile; fileRef = E3834BF72015C5A400993EFC /* Comic.swift */; };
		E3834BFA2015C5EB00993EFC /* MarvelDate.swift in Sources */ = {isa = PBXBuildFile; fileRef = E3834BF92015C5EB00993EFC /* MarvelDate.swift */; };
		E3834BFC2015C61C00993EFC /* Price.swift in Sources */ = {isa = PBXBuildFile; fileRef = E3834BFB2015C61C00993EFC /* Price.swift */; };
		E3834BFE2015C67200993EFC /* SeriesDataContainer.swift in Sources */ = {isa = PBXBuildFile; fileRef = E3834BFD2015C67200993EFC /* SeriesDataContainer.swift */; };
		E3834C002015C68700993EFC /* Series.swift in Sources */ = {isa = PBXBuildFile; fileRef = E3834BFF2015C68700993EFC /* Series.swift */; };
		E3834C022015C6EE00993EFC /* Character.swift in Sources */ = {isa = PBXBuildFile; fileRef = E3834C012015C6EE00993EFC /* Character.swift */; };
		E3834C042015C71700993EFC /* CharacterDataContainer.swift in Sources */ = {isa = PBXBuildFile; fileRef = E3834C032015C71700993EFC /* CharacterDataContainer.swift */; };
/* End PBXBuildFile section */

/* Begin PBXContainerItemProxy section */
		E30EC9BE20126CE100915455 /* PBXContainerItemProxy */ = {
			isa = PBXContainerItemProxy;
			containerPortal = E30EC9A120126CE100915455 /* Project object */;
			proxyType = 1;
			remoteGlobalIDString = E30EC9A820126CE100915455;
			remoteInfo = Marvellous;
		};
		E30EC9C920126CE100915455 /* PBXContainerItemProxy */ = {
			isa = PBXContainerItemProxy;
			containerPortal = E30EC9A120126CE100915455 /* Project object */;
			proxyType = 1;
			remoteGlobalIDString = E30EC9A820126CE100915455;
			remoteInfo = Marvellous;
		};
		E30ECA722014D3B700915455 /* PBXContainerItemProxy */ = {
			isa = PBXContainerItemProxy;
			containerPortal = E30ECA672014D3B600915455 /* Alamofire.xcodeproj */;
			proxyType = 2;
			remoteGlobalIDString = F8111E3319A95C8B0040E7D1;
			remoteInfo = "Alamofire iOS";
		};
		E30ECA742014D3B700915455 /* PBXContainerItemProxy */ = {
			isa = PBXContainerItemProxy;
			containerPortal = E30ECA672014D3B600915455 /* Alamofire.xcodeproj */;
			proxyType = 2;
			remoteGlobalIDString = F8111E3E19A95C8B0040E7D1;
			remoteInfo = "Alamofire iOS Tests";
		};
		E30ECA762014D3B700915455 /* PBXContainerItemProxy */ = {
			isa = PBXContainerItemProxy;
			containerPortal = E30ECA672014D3B600915455 /* Alamofire.xcodeproj */;
			proxyType = 2;
			remoteGlobalIDString = 4DD67C0B1A5C55C900ED2280;
			remoteInfo = "Alamofire macOS";
		};
		E30ECA782014D3B700915455 /* PBXContainerItemProxy */ = {
			isa = PBXContainerItemProxy;
			containerPortal = E30ECA672014D3B600915455 /* Alamofire.xcodeproj */;
			proxyType = 2;
			remoteGlobalIDString = F829C6B21A7A94F100A2CD59;
			remoteInfo = "Alamofire macOS Tests";
		};
		E30ECA7A2014D3B700915455 /* PBXContainerItemProxy */ = {
			isa = PBXContainerItemProxy;
			containerPortal = E30ECA672014D3B600915455 /* Alamofire.xcodeproj */;
			proxyType = 2;
			remoteGlobalIDString = 4CF626EF1BA7CB3E0011A099;
			remoteInfo = "Alamofire tvOS";
		};
		E30ECA7C2014D3B700915455 /* PBXContainerItemProxy */ = {
			isa = PBXContainerItemProxy;
			containerPortal = E30ECA672014D3B600915455 /* Alamofire.xcodeproj */;
			proxyType = 2;
			remoteGlobalIDString = 4CF626F81BA7CB3E0011A099;
			remoteInfo = "Alamofire tvOS Tests";
		};
		E30ECA7E2014D3B700915455 /* PBXContainerItemProxy */ = {
			isa = PBXContainerItemProxy;
			containerPortal = E30ECA672014D3B600915455 /* Alamofire.xcodeproj */;
			proxyType = 2;
			remoteGlobalIDString = E4202FE01B667AA100C997FB;
			remoteInfo = "Alamofire watchOS";
		};
		E30ECA822014D40000915455 /* PBXContainerItemProxy */ = {
			isa = PBXContainerItemProxy;
			containerPortal = E30ECA672014D3B600915455 /* Alamofire.xcodeproj */;
			proxyType = 1;
			remoteGlobalIDString = F8111E3219A95C8B0040E7D1;
			remoteInfo = "Alamofire iOS";
		};
/* End PBXContainerItemProxy section */

/* Begin PBXCopyFilesBuildPhase section */
		E30ECA842014D40100915455 /* Embed Frameworks */ = {
			isa = PBXCopyFilesBuildPhase;
			buildActionMask = 2147483647;
			dstPath = "";
			dstSubfolderSpec = 10;
			files = (
				E30ECA812014D40000915455 /* Alamofire.framework in Embed Frameworks */,
			);
			name = "Embed Frameworks";
			runOnlyForDeploymentPostprocessing = 0;
		};
/* End PBXCopyFilesBuildPhase section */

/* Begin PBXFileReference section */
		5127586F0CA4DCE984F77B75 /* Pods-Marvellous.debug.xcconfig */ = {isa = PBXFileReference; includeInIndex = 1; lastKnownFileType = text.xcconfig; name = "Pods-Marvellous.debug.xcconfig"; path = "Pods/Target Support Files/Pods-Marvellous/Pods-Marvellous.debug.xcconfig"; sourceTree = "<group>"; };
		89C6EBA5FB07A5D7561A4B1C /* Pods_Marvellous.framework */ = {isa = PBXFileReference; explicitFileType = wrapper.framework; includeInIndex = 0; path = Pods_Marvellous.framework; sourceTree = BUILT_PRODUCTS_DIR; };
		E30EC9A920126CE100915455 /* Marvellous.app */ = {isa = PBXFileReference; explicitFileType = wrapper.application; includeInIndex = 0; path = Marvellous.app; sourceTree = BUILT_PRODUCTS_DIR; };
		E30EC9AC20126CE100915455 /* AppDelegate.swift */ = {isa = PBXFileReference; lastKnownFileType = sourcecode.swift; path = AppDelegate.swift; sourceTree = "<group>"; };
		E30EC9AE20126CE100915455 /* CharactersViewController.swift */ = {isa = PBXFileReference; lastKnownFileType = sourcecode.swift; path = CharactersViewController.swift; sourceTree = "<group>"; };
		E30EC9B120126CE100915455 /* Base */ = {isa = PBXFileReference; lastKnownFileType = file.storyboard; name = Base; path = Base.lproj/Main.storyboard; sourceTree = "<group>"; };
		E30EC9B320126CE100915455 /* Assets.xcassets */ = {isa = PBXFileReference; lastKnownFileType = folder.assetcatalog; path = Assets.xcassets; sourceTree = "<group>"; };
		E30EC9B620126CE100915455 /* Base */ = {isa = PBXFileReference; lastKnownFileType = file.storyboard; name = Base; path = Base.lproj/LaunchScreen.storyboard; sourceTree = "<group>"; };
		E30EC9B820126CE100915455 /* Info.plist */ = {isa = PBXFileReference; lastKnownFileType = text.plist.xml; path = Info.plist; sourceTree = "<group>"; };
		E30EC9BD20126CE100915455 /* MarvellousTests.xctest */ = {isa = PBXFileReference; explicitFileType = wrapper.cfbundle; includeInIndex = 0; path = MarvellousTests.xctest; sourceTree = BUILT_PRODUCTS_DIR; };
		E30EC9C120126CE100915455 /* MarvellousTests.swift */ = {isa = PBXFileReference; lastKnownFileType = sourcecode.swift; path = MarvellousTests.swift; sourceTree = "<group>"; };
		E30EC9C320126CE100915455 /* Info.plist */ = {isa = PBXFileReference; lastKnownFileType = text.plist.xml; path = Info.plist; sourceTree = "<group>"; };
		E30EC9C820126CE100915455 /* MarvellousUITests.xctest */ = {isa = PBXFileReference; explicitFileType = wrapper.cfbundle; includeInIndex = 0; path = MarvellousUITests.xctest; sourceTree = BUILT_PRODUCTS_DIR; };
		E30EC9CC20126CE100915455 /* MarvellousUITests.swift */ = {isa = PBXFileReference; lastKnownFileType = sourcecode.swift; path = MarvellousUITests.swift; sourceTree = "<group>"; };
		E30EC9CE20126CE100915455 /* Info.plist */ = {isa = PBXFileReference; lastKnownFileType = text.plist.xml; path = Info.plist; sourceTree = "<group>"; };
		E30EC9DA2012EF2600915455 /* CharacterCollectionViewCell.swift */ = {isa = PBXFileReference; lastKnownFileType = sourcecode.swift; path = CharacterCollectionViewCell.swift; sourceTree = "<group>"; };
		E30EC9DE2013654C00915455 /* RoundedView.swift */ = {isa = PBXFileReference; lastKnownFileType = sourcecode.swift; path = RoundedView.swift; sourceTree = "<group>"; };
		E30EC9E0201369CA00915455 /* Network.swift */ = {isa = PBXFileReference; lastKnownFileType = sourcecode.swift; path = Network.swift; sourceTree = "<group>"; };
		E30EC9E22013737300915455 /* CharactersModel.swift */ = {isa = PBXFileReference; lastKnownFileType = sourcecode.swift; path = CharactersModel.swift; sourceTree = "<group>"; };
		E30EC9E420139C4500915455 /* CharactersViewModel.swift */ = {isa = PBXFileReference; lastKnownFileType = sourcecode.swift; path = CharactersViewModel.swift; sourceTree = "<group>"; };
		E30ECA262013C70300915455 /* SeriesTableViewController.swift */ = {isa = PBXFileReference; lastKnownFileType = sourcecode.swift; path = SeriesTableViewController.swift; sourceTree = "<group>"; };
		E30ECA282013C7D600915455 /* SerieTableViewCell.swift */ = {isa = PBXFileReference; lastKnownFileType = sourcecode.swift; path = SerieTableViewCell.swift; sourceTree = "<group>"; };
		E30ECA2A2013C9DB00915455 /* SeriesModel.swift */ = {isa = PBXFileReference; lastKnownFileType = sourcecode.swift; path = SeriesModel.swift; sourceTree = "<group>"; };
		E30ECA2C2013E26700915455 /* SerieViewModel.swift */ = {isa = PBXFileReference; lastKnownFileType = sourcecode.swift; path = SerieViewModel.swift; sourceTree = "<group>"; };
		E30ECA2E201452E700915455 /* Thumbnail.swift */ = {isa = PBXFileReference; lastKnownFileType = sourcecode.swift; path = Thumbnail.swift; sourceTree = "<group>"; };
		E30ECA302014559C00915455 /* APIKeys.plist */ = {isa = PBXFileReference; lastKnownFileType = text.plist.xml; path = APIKeys.plist; sourceTree = "<group>"; };
		E30ECA3420146D9000915455 /* ComicsViewController.swift */ = {isa = PBXFileReference; lastKnownFileType = sourcecode.swift; path = ComicsViewController.swift; sourceTree = "<group>"; };
		E30ECA37201471C200915455 /* ComicsTableViewCell.xib */ = {isa = PBXFileReference; lastKnownFileType = file.xib; path = ComicsTableViewCell.xib; sourceTree = "<group>"; };
		E30ECA392014728200915455 /* ComicsTableViewCell.swift */ = {isa = PBXFileReference; lastKnownFileType = sourcecode.swift; path = ComicsTableViewCell.swift; sourceTree = "<group>"; };
		E30ECA3B2014762200915455 /* ComicsModel.swift */ = {isa = PBXFileReference; lastKnownFileType = sourcecode.swift; path = ComicsModel.swift; sourceTree = "<group>"; };
		E30ECA3D20147BC700915455 /* Summary.swift */ = {isa = PBXFileReference; lastKnownFileType = sourcecode.swift; path = Summary.swift; sourceTree = "<group>"; };
		E30ECA3F20147D4300915455 /* SummaryContainer.swift */ = {isa = PBXFileReference; lastKnownFileType = sourcecode.swift; path = SummaryContainer.swift; sourceTree = "<group>"; };
		E30ECA4120147E0000915455 /* MarvelUrl.swift */ = {isa = PBXFileReference; lastKnownFileType = sourcecode.swift; path = MarvelUrl.swift; sourceTree = "<group>"; };
		E30ECA43201482A200915455 /* RoundedButton.swift */ = {isa = PBXFileReference; lastKnownFileType = sourcecode.swift; path = RoundedButton.swift; sourceTree = "<group>"; };
		E30ECA4A20148A8C00915455 /* CharacterDetailViewController.swift */ = {isa = PBXFileReference; lastKnownFileType = sourcecode.swift; path = CharacterDetailViewController.swift; sourceTree = "<group>"; };
		E30ECA4D2014943100915455 /* SeriesDetailViewController.swift */ = {isa = PBXFileReference; lastKnownFileType = sourcecode.swift; path = SeriesDetailViewController.swift; sourceTree = "<group>"; };
		E30ECA502014A94E00915455 /* Common.storyboard */ = {isa = PBXFileReference; lastKnownFileType = file.storyboard; path = Common.storyboard; sourceTree = "<group>"; };
		E30ECA522014AB1C00915455 /* CustomAlertViewController.swift */ = {isa = PBXFileReference; lastKnownFileType = sourcecode.swift; path = CustomAlertViewController.swift; sourceTree = "<group>"; };
		E30ECA562014B9D500915455 /* colorline.json */ = {isa = PBXFileReference; fileEncoding = 4; lastKnownFileType = text.json; path = colorline.json; sourceTree = "<group>"; };
		E30ECA582014C54A00915455 /* UIViewController+Marvellous.swift */ = {isa = PBXFileReference; lastKnownFileType = sourcecode.swift; path = "UIViewController+Marvellous.swift"; sourceTree = "<group>"; };
		E30ECA5B2014C69600915455 /* ComicsViewModel.swift */ = {isa = PBXFileReference; lastKnownFileType = sourcecode.swift; path = ComicsViewModel.swift; sourceTree = "<group>"; };
		E30ECA672014D3B600915455 /* Alamofire.xcodeproj */ = {isa = PBXFileReference; lastKnownFileType = "wrapper.pb-project"; name = Alamofire.xcodeproj; path = Alamofire/Alamofire.xcodeproj; sourceTree = "<group>"; };
		E30ECA862014D7A500915455 /* ComicDetailViewController.swift */ = {isa = PBXFileReference; lastKnownFileType = sourcecode.swift; path = ComicDetailViewController.swift; sourceTree = "<group>"; };
		E30ECA972014DB3100915455 /* ComicCharacterCollectionViewCell.swift */ = {isa = PBXFileReference; lastKnownFileType = sourcecode.swift; path = ComicCharacterCollectionViewCell.swift; sourceTree = "<group>"; };
		E30ECA9B2015002000915455 /* APIKey.swift */ = {isa = PBXFileReference; lastKnownFileType = sourcecode.swift; path = APIKey.swift; sourceTree = "<group>"; };
		E3834BEE2015C57F00993EFC /* ComicDataContainer.swift */ = {isa = PBXFileReference; lastKnownFileType = sourcecode.swift; path = ComicDataContainer.swift; sourceTree = "<group>"; };
		E3834BF72015C5A400993EFC /* Comic.swift */ = {isa = PBXFileReference; lastKnownFileType = sourcecode.swift; path = Comic.swift; sourceTree = "<group>"; };
		E3834BF92015C5EB00993EFC /* MarvelDate.swift */ = {isa = PBXFileReference; lastKnownFileType = sourcecode.swift; path = MarvelDate.swift; sourceTree = "<group>"; };
		E3834BFB2015C61C00993EFC /* Price.swift */ = {isa = PBXFileReference; lastKnownFileType = sourcecode.swift; path = Price.swift; sourceTree = "<group>"; };
		E3834BFD2015C67200993EFC /* SeriesDataContainer.swift */ = {isa = PBXFileReference; lastKnownFileType = sourcecode.swift; path = SeriesDataContainer.swift; sourceTree = "<group>"; };
		E3834BFF2015C68700993EFC /* Series.swift */ = {isa = PBXFileReference; lastKnownFileType = sourcecode.swift; path = Series.swift; sourceTree = "<group>"; };
		E3834C012015C6EE00993EFC /* Character.swift */ = {isa = PBXFileReference; lastKnownFileType = sourcecode.swift; path = Character.swift; sourceTree = "<group>"; };
		E3834C032015C71700993EFC /* CharacterDataContainer.swift */ = {isa = PBXFileReference; lastKnownFileType = sourcecode.swift; path = CharacterDataContainer.swift; sourceTree = "<group>"; };
		F87D2E5BA1D5558AA28D8B8B /* Pods-Marvellous.release.xcconfig */ = {isa = PBXFileReference; includeInIndex = 1; lastKnownFileType = text.xcconfig; name = "Pods-Marvellous.release.xcconfig"; path = "Pods/Target Support Files/Pods-Marvellous/Pods-Marvellous.release.xcconfig"; sourceTree = "<group>"; };
/* End PBXFileReference section */

/* Begin PBXFrameworksBuildPhase section */
		E30EC9A620126CE100915455 /* Frameworks */ = {
			isa = PBXFrameworksBuildPhase;
			buildActionMask = 2147483647;
			files = (
				A618DFFBEF4AFE8B41056AA2 /* Pods_Marvellous.framework in Frameworks */,
				E30ECA802014D40000915455 /* Alamofire.framework in Frameworks */,
			);
			runOnlyForDeploymentPostprocessing = 0;
		};
		E30EC9BA20126CE100915455 /* Frameworks */ = {
			isa = PBXFrameworksBuildPhase;
			buildActionMask = 2147483647;
			files = (
			);
			runOnlyForDeploymentPostprocessing = 0;
		};
		E30EC9C520126CE100915455 /* Frameworks */ = {
			isa = PBXFrameworksBuildPhase;
			buildActionMask = 2147483647;
			files = (
			);
			runOnlyForDeploymentPostprocessing = 0;
		};
/* End PBXFrameworksBuildPhase section */

/* Begin PBXGroup section */
		34762BB9B24B0E746E54E425 /* Frameworks */ = {
			isa = PBXGroup;
			children = (
				89C6EBA5FB07A5D7561A4B1C /* Pods_Marvellous.framework */,
			);
			name = Frameworks;
			sourceTree = "<group>";
		};
		E30EC9A020126CE100915455 = {
			isa = PBXGroup;
			children = (
				E30ECA672014D3B600915455 /* Alamofire.xcodeproj */,
				E30EC9AB20126CE100915455 /* Marvellous */,
				E30EC9C020126CE100915455 /* MarvellousTests */,
				E30EC9CB20126CE100915455 /* MarvellousUITests */,
				E30EC9AA20126CE100915455 /* Products */,
				F3C80378C7698AB2B7A8EA28 /* Pods */,
				34762BB9B24B0E746E54E425 /* Frameworks */,
			);
			sourceTree = "<group>";
		};
		E30EC9AA20126CE100915455 /* Products */ = {
			isa = PBXGroup;
			children = (
				E30EC9A920126CE100915455 /* Marvellous.app */,
				E30EC9BD20126CE100915455 /* MarvellousTests.xctest */,
				E30EC9C820126CE100915455 /* MarvellousUITests.xctest */,
			);
			name = Products;
			sourceTree = "<group>";
		};
		E30EC9AB20126CE100915455 /* Marvellous */ = {
			isa = PBXGroup;
			children = (
				E30EC9AC20126CE100915455 /* AppDelegate.swift */,
				E30EC9E62013A86100915455 /* CharactersSection */,
				E30ECA4C2014922500915455 /* CharacterDetailSection */,
				E30ECA3620146E7200915455 /* SeriesSection */,
				E30ECA4F2014970A00915455 /* SeriesDetailSection */,
				E30ECA45201487AC00915455 /* ComicsSection */,
				E30ECA992014DF1E00915455 /* ComicDetailSection */,
				E30ECA3220145F4800915455 /* Model */,
				E30ECA3320145F6100915455 /* Network */,
				E30ECA49201487F900915455 /* Storyboards */,
				E30ECA48201487E800915455 /* Views */,
				E30ECA5A2014C56300915455 /* Extensions */,
				E30ECA562014B9D500915455 /* colorline.json */,
				E30EC9B320126CE100915455 /* Assets.xcassets */,
				E30EC9B820126CE100915455 /* Info.plist */,
				E30ECA302014559C00915455 /* APIKeys.plist */,
			);
			path = Marvellous;
			sourceTree = "<group>";
		};
		E30EC9C020126CE100915455 /* MarvellousTests */ = {
			isa = PBXGroup;
			children = (
				E30EC9C120126CE100915455 /* MarvellousTests.swift */,
				E30EC9C320126CE100915455 /* Info.plist */,
			);
			path = MarvellousTests;
			sourceTree = "<group>";
		};
		E30EC9CB20126CE100915455 /* MarvellousUITests */ = {
			isa = PBXGroup;
			children = (
				E30EC9CC20126CE100915455 /* MarvellousUITests.swift */,
				E30EC9CE20126CE100915455 /* Info.plist */,
			);
			path = MarvellousUITests;
			sourceTree = "<group>";
		};
		E30EC9E62013A86100915455 /* CharactersSection */ = {
			isa = PBXGroup;
			children = (
				E30EC9E72013A89900915455 /* View */,
				E30EC9E82013A8A400915455 /* ViewModel */,
				E30EC9E92013A8B200915455 /* Model */,
			);
			path = CharactersSection;
			sourceTree = "<group>";
		};
		E30EC9E72013A89900915455 /* View */ = {
			isa = PBXGroup;
			children = (
				E30EC9AE20126CE100915455 /* CharactersViewController.swift */,
				E30EC9DA2012EF2600915455 /* CharacterCollectionViewCell.swift */,
			);
			path = View;
			sourceTree = "<group>";
		};
		E30EC9E82013A8A400915455 /* ViewModel */ = {
			isa = PBXGroup;
			children = (
				E30EC9E420139C4500915455 /* CharactersViewModel.swift */,
			);
			path = ViewModel;
			sourceTree = "<group>";
		};
		E30EC9E92013A8B200915455 /* Model */ = {
			isa = PBXGroup;
			children = (
				E3834C012015C6EE00993EFC /* Character.swift */,
				E30EC9E22013737300915455 /* CharactersModel.swift */,
				E3834C032015C71700993EFC /* CharacterDataContainer.swift */,
			);
			path = Model;
			sourceTree = "<group>";
		};
		E30ECA3220145F4800915455 /* Model */ = {
			isa = PBXGroup;
			children = (
				E30ECA3D20147BC700915455 /* Summary.swift */,
				E30ECA3F20147D4300915455 /* SummaryContainer.swift */,
				E30ECA2E201452E700915455 /* Thumbnail.swift */,
				E30ECA4120147E0000915455 /* MarvelUrl.swift */,
				E30ECA9B2015002000915455 /* APIKey.swift */,
				E3834BF92015C5EB00993EFC /* MarvelDate.swift */,
				E3834BFB2015C61C00993EFC /* Price.swift */,
			);
			path = Model;
			sourceTree = "<group>";
		};
		E30ECA3320145F6100915455 /* Network */ = {
			isa = PBXGroup;
			children = (
				E30EC9E0201369CA00915455 /* Network.swift */,
			);
			path = Network;
			sourceTree = "<group>";
		};
		E30ECA3620146E7200915455 /* SeriesSection */ = {
			isa = PBXGroup;
			children = (
				E30ECA602014CB2000915455 /* View */,
				E30ECA612014CB2C00915455 /* ViewModel */,
				E30ECA622014CB3700915455 /* Model */,
			);
			path = SeriesSection;
			sourceTree = "<group>";
		};
		E30ECA45201487AC00915455 /* ComicsSection */ = {
			isa = PBXGroup;
			children = (
				E30ECA5D2014CAD400915455 /* View */,
				E30ECA5E2014CAE800915455 /* ViewModel */,
				E30ECA5F2014CAF400915455 /* Model */,
			);
			path = ComicsSection;
			sourceTree = "<group>";
		};
		E30ECA48201487E800915455 /* Views */ = {
			isa = PBXGroup;
			children = (
				E30ECA522014AB1C00915455 /* CustomAlertViewController.swift */,
				E30ECA43201482A200915455 /* RoundedButton.swift */,
				E30EC9DE2013654C00915455 /* RoundedView.swift */,
			);
			path = Views;
			sourceTree = "<group>";
		};
		E30ECA49201487F900915455 /* Storyboards */ = {
			isa = PBXGroup;
			children = (
				E30EC9B020126CE100915455 /* Main.storyboard */,
				E30EC9B520126CE100915455 /* LaunchScreen.storyboard */,
				E30ECA37201471C200915455 /* ComicsTableViewCell.xib */,
				E30ECA502014A94E00915455 /* Common.storyboard */,
			);
			path = Storyboards;
			sourceTree = "<group>";
		};
		E30ECA4C2014922500915455 /* CharacterDetailSection */ = {
			isa = PBXGroup;
			children = (
				E30ECA632014CB7900915455 /* View */,
			);
			path = CharacterDetailSection;
			sourceTree = "<group>";
		};
		E30ECA4F2014970A00915455 /* SeriesDetailSection */ = {
			isa = PBXGroup;
			children = (
				E30ECA642014CB8700915455 /* View */,
			);
			path = SeriesDetailSection;
			sourceTree = "<group>";
		};
		E30ECA5A2014C56300915455 /* Extensions */ = {
			isa = PBXGroup;
			children = (
				E30ECA582014C54A00915455 /* UIViewController+Marvellous.swift */,
			);
			path = Extensions;
			sourceTree = "<group>";
		};
		E30ECA5D2014CAD400915455 /* View */ = {
			isa = PBXGroup;
			children = (
				E30ECA3420146D9000915455 /* ComicsViewController.swift */,
				E30ECA392014728200915455 /* ComicsTableViewCell.swift */,
			);
			path = View;
			sourceTree = "<group>";
		};
		E30ECA5E2014CAE800915455 /* ViewModel */ = {
			isa = PBXGroup;
			children = (
				E30ECA5B2014C69600915455 /* ComicsViewModel.swift */,
			);
			path = ViewModel;
			sourceTree = "<group>";
		};
		E30ECA5F2014CAF400915455 /* Model */ = {
			isa = PBXGroup;
			children = (
				E3834BF72015C5A400993EFC /* Comic.swift */,
				E3834BEE2015C57F00993EFC /* ComicDataContainer.swift */,
				E30ECA3B2014762200915455 /* ComicsModel.swift */,
			);
			path = Model;
			sourceTree = "<group>";
		};
		E30ECA602014CB2000915455 /* View */ = {
			isa = PBXGroup;
			children = (
				E30ECA262013C70300915455 /* SeriesTableViewController.swift */,
				E30ECA282013C7D600915455 /* SerieTableViewCell.swift */,
			);
			path = View;
			sourceTree = "<group>";
		};
		E30ECA612014CB2C00915455 /* ViewModel */ = {
			isa = PBXGroup;
			children = (
				E30ECA2C2013E26700915455 /* SerieViewModel.swift */,
			);
			path = ViewModel;
			sourceTree = "<group>";
		};
		E30ECA622014CB3700915455 /* Model */ = {
			isa = PBXGroup;
			children = (
				E3834BFF2015C68700993EFC /* Series.swift */,
				E3834BFD2015C67200993EFC /* SeriesDataContainer.swift */,
				E30ECA2A2013C9DB00915455 /* SeriesModel.swift */,
			);
			path = Model;
			sourceTree = "<group>";
		};
		E30ECA632014CB7900915455 /* View */ = {
			isa = PBXGroup;
			children = (
				E30ECA4A20148A8C00915455 /* CharacterDetailViewController.swift */,
			);
			path = View;
			sourceTree = "<group>";
		};
		E30ECA642014CB8700915455 /* View */ = {
			isa = PBXGroup;
			children = (
				E30ECA4D2014943100915455 /* SeriesDetailViewController.swift */,
			);
			path = View;
			sourceTree = "<group>";
		};
		E30ECA682014D3B600915455 /* Products */ = {
			isa = PBXGroup;
			children = (
				E30ECA732014D3B700915455 /* Alamofire.framework */,
				E30ECA752014D3B700915455 /* Alamofire iOS Tests.xctest */,
				E30ECA772014D3B700915455 /* Alamofire.framework */,
				E30ECA792014D3B700915455 /* Alamofire macOS Tests.xctest */,
				E30ECA7B2014D3B700915455 /* Alamofire.framework */,
				E30ECA7D2014D3B700915455 /* Alamofire tvOS Tests.xctest */,
				E30ECA7F2014D3B700915455 /* Alamofire.framework */,
			);
			name = Products;
			sourceTree = "<group>";
		};
		E30ECA992014DF1E00915455 /* ComicDetailSection */ = {
			isa = PBXGroup;
			children = (
				E30ECA9A2014DF3900915455 /* View */,
			);
			path = ComicDetailSection;
			sourceTree = "<group>";
		};
		E30ECA9A2014DF3900915455 /* View */ = {
			isa = PBXGroup;
			children = (
				E30ECA862014D7A500915455 /* ComicDetailViewController.swift */,
				E30ECA972014DB3100915455 /* ComicCharacterCollectionViewCell.swift */,
			);
			path = View;
			sourceTree = "<group>";
		};
		F3C80378C7698AB2B7A8EA28 /* Pods */ = {
			isa = PBXGroup;
			children = (
				5127586F0CA4DCE984F77B75 /* Pods-Marvellous.debug.xcconfig */,
				F87D2E5BA1D5558AA28D8B8B /* Pods-Marvellous.release.xcconfig */,
			);
			name = Pods;
			sourceTree = "<group>";
		};
/* End PBXGroup section */

/* Begin PBXNativeTarget section */
		E30EC9A820126CE100915455 /* Marvellous */ = {
			isa = PBXNativeTarget;
			buildConfigurationList = E30EC9D120126CE100915455 /* Build configuration list for PBXNativeTarget "Marvellous" */;
			buildPhases = (
				CFFEE84FCAF25638E4104CE7 /* [CP] Check Pods Manifest.lock */,
				E30EC9A520126CE100915455 /* Sources */,
				E30EC9A620126CE100915455 /* Frameworks */,
				E30EC9A720126CE100915455 /* Resources */,
				F1BF4414A692489E9BB898C5 /* [CP] Embed Pods Frameworks */,
				0137A51CC16B417DBEA560A0 /* [CP] Copy Pods Resources */,
				E30ECA842014D40100915455 /* Embed Frameworks */,
			);
			buildRules = (
			);
			dependencies = (
				E30ECA832014D40000915455 /* PBXTargetDependency */,
			);
			name = Marvellous;
			productName = Marvellous;
			productReference = E30EC9A920126CE100915455 /* Marvellous.app */;
			productType = "com.apple.product-type.application";
		};
		E30EC9BC20126CE100915455 /* MarvellousTests */ = {
			isa = PBXNativeTarget;
			buildConfigurationList = E30EC9D420126CE100915455 /* Build configuration list for PBXNativeTarget "MarvellousTests" */;
			buildPhases = (
				E30EC9B920126CE100915455 /* Sources */,
				E30EC9BA20126CE100915455 /* Frameworks */,
				E30EC9BB20126CE100915455 /* Resources */,
			);
			buildRules = (
			);
			dependencies = (
				E30EC9BF20126CE100915455 /* PBXTargetDependency */,
			);
			name = MarvellousTests;
			productName = MarvellousTests;
			productReference = E30EC9BD20126CE100915455 /* MarvellousTests.xctest */;
			productType = "com.apple.product-type.bundle.unit-test";
		};
		E30EC9C720126CE100915455 /* MarvellousUITests */ = {
			isa = PBXNativeTarget;
			buildConfigurationList = E30EC9D720126CE100915455 /* Build configuration list for PBXNativeTarget "MarvellousUITests" */;
			buildPhases = (
				E30EC9C420126CE100915455 /* Sources */,
				E30EC9C520126CE100915455 /* Frameworks */,
				E30EC9C620126CE100915455 /* Resources */,
			);
			buildRules = (
			);
			dependencies = (
				E30EC9CA20126CE100915455 /* PBXTargetDependency */,
			);
			name = MarvellousUITests;
			productName = MarvellousUITests;
			productReference = E30EC9C820126CE100915455 /* MarvellousUITests.xctest */;
			productType = "com.apple.product-type.bundle.ui-testing";
		};
/* End PBXNativeTarget section */

/* Begin PBXProject section */
		E30EC9A120126CE100915455 /* Project object */ = {
			isa = PBXProject;
			attributes = {
				LastSwiftUpdateCheck = 0910;
				LastUpgradeCheck = 0910;
				ORGANIZATIONNAME = gbtt;
				TargetAttributes = {
					E30EC9A820126CE100915455 = {
						CreatedOnToolsVersion = 9.1;
						ProvisioningStyle = Automatic;
					};
					E30EC9BC20126CE100915455 = {
						CreatedOnToolsVersion = 9.1;
						ProvisioningStyle = Automatic;
						TestTargetID = E30EC9A820126CE100915455;
					};
					E30EC9C720126CE100915455 = {
						CreatedOnToolsVersion = 9.1;
						ProvisioningStyle = Automatic;
						TestTargetID = E30EC9A820126CE100915455;
					};
				};
			};
			buildConfigurationList = E30EC9A420126CE100915455 /* Build configuration list for PBXProject "Marvellous" */;
			compatibilityVersion = "Xcode 8.0";
			developmentRegion = en;
			hasScannedForEncodings = 0;
			knownRegions = (
				en,
				Base,
			);
			mainGroup = E30EC9A020126CE100915455;
			productRefGroup = E30EC9AA20126CE100915455 /* Products */;
			projectDirPath = "";
			projectReferences = (
				{
					ProductGroup = E30ECA682014D3B600915455 /* Products */;
					ProjectRef = E30ECA672014D3B600915455 /* Alamofire.xcodeproj */;
				},
			);
			projectRoot = "";
			targets = (
				E30EC9A820126CE100915455 /* Marvellous */,
				E30EC9BC20126CE100915455 /* MarvellousTests */,
				E30EC9C720126CE100915455 /* MarvellousUITests */,
			);
		};
/* End PBXProject section */

/* Begin PBXReferenceProxy section */
		E30ECA732014D3B700915455 /* Alamofire.framework */ = {
			isa = PBXReferenceProxy;
			fileType = wrapper.framework;
			path = Alamofire.framework;
			remoteRef = E30ECA722014D3B700915455 /* PBXContainerItemProxy */;
			sourceTree = BUILT_PRODUCTS_DIR;
		};
		E30ECA752014D3B700915455 /* Alamofire iOS Tests.xctest */ = {
			isa = PBXReferenceProxy;
			fileType = wrapper.cfbundle;
			path = "Alamofire iOS Tests.xctest";
			remoteRef = E30ECA742014D3B700915455 /* PBXContainerItemProxy */;
			sourceTree = BUILT_PRODUCTS_DIR;
		};
		E30ECA772014D3B700915455 /* Alamofire.framework */ = {
			isa = PBXReferenceProxy;
			fileType = wrapper.framework;
			path = Alamofire.framework;
			remoteRef = E30ECA762014D3B700915455 /* PBXContainerItemProxy */;
			sourceTree = BUILT_PRODUCTS_DIR;
		};
		E30ECA792014D3B700915455 /* Alamofire macOS Tests.xctest */ = {
			isa = PBXReferenceProxy;
			fileType = wrapper.cfbundle;
			path = "Alamofire macOS Tests.xctest";
			remoteRef = E30ECA782014D3B700915455 /* PBXContainerItemProxy */;
			sourceTree = BUILT_PRODUCTS_DIR;
		};
		E30ECA7B2014D3B700915455 /* Alamofire.framework */ = {
			isa = PBXReferenceProxy;
			fileType = wrapper.framework;
			path = Alamofire.framework;
			remoteRef = E30ECA7A2014D3B700915455 /* PBXContainerItemProxy */;
			sourceTree = BUILT_PRODUCTS_DIR;
		};
		E30ECA7D2014D3B700915455 /* Alamofire tvOS Tests.xctest */ = {
			isa = PBXReferenceProxy;
			fileType = wrapper.cfbundle;
			path = "Alamofire tvOS Tests.xctest";
			remoteRef = E30ECA7C2014D3B700915455 /* PBXContainerItemProxy */;
			sourceTree = BUILT_PRODUCTS_DIR;
		};
		E30ECA7F2014D3B700915455 /* Alamofire.framework */ = {
			isa = PBXReferenceProxy;
			fileType = wrapper.framework;
			path = Alamofire.framework;
			remoteRef = E30ECA7E2014D3B700915455 /* PBXContainerItemProxy */;
			sourceTree = BUILT_PRODUCTS_DIR;
		};
/* End PBXReferenceProxy section */

/* Begin PBXResourcesBuildPhase section */
		E30EC9A720126CE100915455 /* Resources */ = {
			isa = PBXResourcesBuildPhase;
			buildActionMask = 2147483647;
			files = (
				E30EC9B720126CE100915455 /* LaunchScreen.storyboard in Resources */,
				E30ECA38201471C200915455 /* ComicsTableViewCell.xib in Resources */,
				E30ECA312014559C00915455 /* APIKeys.plist in Resources */,
				E30ECA512014A94E00915455 /* Common.storyboard in Resources */,
				E30ECA572014B9D500915455 /* colorline.json in Resources */,
				E30EC9B420126CE100915455 /* Assets.xcassets in Resources */,
				E30EC9B220126CE100915455 /* Main.storyboard in Resources */,
			);
			runOnlyForDeploymentPostprocessing = 0;
		};
		E30EC9BB20126CE100915455 /* Resources */ = {
			isa = PBXResourcesBuildPhase;
			buildActionMask = 2147483647;
			files = (
			);
			runOnlyForDeploymentPostprocessing = 0;
		};
		E30EC9C620126CE100915455 /* Resources */ = {
			isa = PBXResourcesBuildPhase;
			buildActionMask = 2147483647;
			files = (
			);
			runOnlyForDeploymentPostprocessing = 0;
		};
/* End PBXResourcesBuildPhase section */

/* Begin PBXShellScriptBuildPhase section */
		0137A51CC16B417DBEA560A0 /* [CP] Copy Pods Resources */ = {
			isa = PBXShellScriptBuildPhase;
			buildActionMask = 2147483647;
			files = (
			);
			inputPaths = (
			);
			name = "[CP] Copy Pods Resources";
			outputPaths = (
			);
			runOnlyForDeploymentPostprocessing = 0;
			shellPath = /bin/sh;
			shellScript = "\"${SRCROOT}/Pods/Target Support Files/Pods-Marvellous/Pods-Marvellous-resources.sh\"\n";
			showEnvVarsInLog = 0;
		};
		CFFEE84FCAF25638E4104CE7 /* [CP] Check Pods Manifest.lock */ = {
			isa = PBXShellScriptBuildPhase;
			buildActionMask = 2147483647;
			files = (
			);
			inputPaths = (
				"${PODS_PODFILE_DIR_PATH}/Podfile.lock",
				"${PODS_ROOT}/Manifest.lock",
			);
			name = "[CP] Check Pods Manifest.lock";
			outputPaths = (
				"$(DERIVED_FILE_DIR)/Pods-Marvellous-checkManifestLockResult.txt",
			);
			runOnlyForDeploymentPostprocessing = 0;
			shellPath = /bin/sh;
			shellScript = "diff \"${PODS_PODFILE_DIR_PATH}/Podfile.lock\" \"${PODS_ROOT}/Manifest.lock\" > /dev/null\nif [ $? != 0 ] ; then\n    # print error to STDERR\n    echo \"error: The sandbox is not in sync with the Podfile.lock. Run 'pod install' or update your CocoaPods installation.\" >&2\n    exit 1\nfi\n# This output is used by Xcode 'outputs' to avoid re-running this script phase.\necho \"SUCCESS\" > \"${SCRIPT_OUTPUT_FILE_0}\"\n";
			showEnvVarsInLog = 0;
		};
		F1BF4414A692489E9BB898C5 /* [CP] Embed Pods Frameworks */ = {
			isa = PBXShellScriptBuildPhase;
			buildActionMask = 2147483647;
			files = (
			);
			inputPaths = (
				"${SRCROOT}/Pods/Target Support Files/Pods-Marvellous/Pods-Marvellous-frameworks.sh",
				"${BUILT_PRODUCTS_DIR}/CryptoSwift/CryptoSwift.framework",
				"${BUILT_PRODUCTS_DIR}/Kingfisher/Kingfisher.framework",
				"${BUILT_PRODUCTS_DIR}/lottie-ios/Lottie.framework",
			);
			name = "[CP] Embed Pods Frameworks";
			outputPaths = (
				"${TARGET_BUILD_DIR}/${FRAMEWORKS_FOLDER_PATH}/CryptoSwift.framework",
				"${TARGET_BUILD_DIR}/${FRAMEWORKS_FOLDER_PATH}/Kingfisher.framework",
				"${TARGET_BUILD_DIR}/${FRAMEWORKS_FOLDER_PATH}/Lottie.framework",
			);
			runOnlyForDeploymentPostprocessing = 0;
			shellPath = /bin/sh;
			shellScript = "\"${SRCROOT}/Pods/Target Support Files/Pods-Marvellous/Pods-Marvellous-frameworks.sh\"\n";
			showEnvVarsInLog = 0;
		};
/* End PBXShellScriptBuildPhase section */

/* Begin PBXSourcesBuildPhase section */
		E30EC9A520126CE100915455 /* Sources */ = {
			isa = PBXSourcesBuildPhase;
			buildActionMask = 2147483647;
			files = (
				E30ECA2D2013E26700915455 /* SerieViewModel.swift in Sources */,
				E30EC9E1201369CA00915455 /* Network.swift in Sources */,
				E30ECA532014AB1C00915455 /* CustomAlertViewController.swift in Sources */,
				E30ECA592014C54A00915455 /* UIViewController+Marvellous.swift in Sources */,
				E3834C042015C71700993EFC /* CharacterDataContainer.swift in Sources */,
				E30ECA4E2014943100915455 /* SeriesDetailViewController.swift in Sources */,
				E30ECA3A2014728200915455 /* ComicsTableViewCell.swift in Sources */,
				E30ECA44201482A200915455 /* RoundedButton.swift in Sources */,
				E30ECA9C2015002000915455 /* APIKey.swift in Sources */,
				E3834BFC2015C61C00993EFC /* Price.swift in Sources */,
				E30ECA3520146D9000915455 /* ComicsViewController.swift in Sources */,
				E30ECA2F201452E700915455 /* Thumbnail.swift in Sources */,
				E30EC9E520139C4500915455 /* CharactersViewModel.swift in Sources */,
				E30ECA292013C7D600915455 /* SerieTableViewCell.swift in Sources */,
				E30EC9DF2013654C00915455 /* RoundedView.swift in Sources */,
				E30ECA4220147E0000915455 /* MarvelUrl.swift in Sources */,
				E3834C022015C6EE00993EFC /* Character.swift in Sources */,
				E30ECA2B2013C9DB00915455 /* SeriesModel.swift in Sources */,
				E3834BFE2015C67200993EFC /* SeriesDataContainer.swift in Sources */,
				E3834BEF2015C57F00993EFC /* ComicDataContainer.swift in Sources */,
				E30ECA3C2014762200915455 /* ComicsModel.swift in Sources */,
				E30ECA3E20147BC700915455 /* Summary.swift in Sources */,
				E3834BF82015C5A400993EFC /* Comic.swift in Sources */,
				E30EC9DB2012EF2600915455 /* CharacterCollectionViewCell.swift in Sources */,
				E30ECA272013C70300915455 /* SeriesTableViewController.swift in Sources */,
				E30ECA5C2014C69600915455 /* ComicsViewModel.swift in Sources */,
				E3834BFA2015C5EB00993EFC /* MarvelDate.swift in Sources */,
				E30EC9E32013737300915455 /* CharactersModel.swift in Sources */,
				E30ECA982014DB3100915455 /* ComicCharacterCollectionViewCell.swift in Sources */,
				E30ECA4B20148A8C00915455 /* CharacterDetailViewController.swift in Sources */,
				E30ECA4020147D4300915455 /* SummaryContainer.swift in Sources */,
				E30ECA872014D7A500915455 /* ComicDetailViewController.swift in Sources */,
				E3834C002015C68700993EFC /* Series.swift in Sources */,
				E30EC9AF20126CE100915455 /* CharactersViewController.swift in Sources */,
				E30EC9AD20126CE100915455 /* AppDelegate.swift in Sources */,
			);
			runOnlyForDeploymentPostprocessing = 0;
		};
		E30EC9B920126CE100915455 /* Sources */ = {
			isa = PBXSourcesBuildPhase;
			buildActionMask = 2147483647;
			files = (
				E30EC9C220126CE100915455 /* MarvellousTests.swift in Sources */,
			);
			runOnlyForDeploymentPostprocessing = 0;
		};
		E30EC9C420126CE100915455 /* Sources */ = {
			isa = PBXSourcesBuildPhase;
			buildActionMask = 2147483647;
			files = (
				E30EC9CD20126CE100915455 /* MarvellousUITests.swift in Sources */,
			);
			runOnlyForDeploymentPostprocessing = 0;
		};
/* End PBXSourcesBuildPhase section */

/* Begin PBXTargetDependency section */
		E30EC9BF20126CE100915455 /* PBXTargetDependency */ = {
			isa = PBXTargetDependency;
			target = E30EC9A820126CE100915455 /* Marvellous */;
			targetProxy = E30EC9BE20126CE100915455 /* PBXContainerItemProxy */;
		};
		E30EC9CA20126CE100915455 /* PBXTargetDependency */ = {
			isa = PBXTargetDependency;
			target = E30EC9A820126CE100915455 /* Marvellous */;
			targetProxy = E30EC9C920126CE100915455 /* PBXContainerItemProxy */;
		};
		E30ECA832014D40000915455 /* PBXTargetDependency */ = {
			isa = PBXTargetDependency;
			name = "Alamofire iOS";
			targetProxy = E30ECA822014D40000915455 /* PBXContainerItemProxy */;
		};
/* End PBXTargetDependency section */

/* Begin PBXVariantGroup section */
		E30EC9B020126CE100915455 /* Main.storyboard */ = {
			isa = PBXVariantGroup;
			children = (
				E30EC9B120126CE100915455 /* Base */,
			);
			name = Main.storyboard;
			sourceTree = "<group>";
		};
		E30EC9B520126CE100915455 /* LaunchScreen.storyboard */ = {
			isa = PBXVariantGroup;
			children = (
				E30EC9B620126CE100915455 /* Base */,
			);
			name = LaunchScreen.storyboard;
			sourceTree = "<group>";
		};
/* End PBXVariantGroup section */

/* Begin XCBuildConfiguration section */
		E30EC9CF20126CE100915455 /* Debug */ = {
			isa = XCBuildConfiguration;
			buildSettings = {
				ALWAYS_SEARCH_USER_PATHS = NO;
				CLANG_ANALYZER_NONNULL = YES;
				CLANG_ANALYZER_NUMBER_OBJECT_CONVERSION = YES_AGGRESSIVE;
				CLANG_CXX_LANGUAGE_STANDARD = "gnu++14";
				CLANG_CXX_LIBRARY = "libc++";
				CLANG_ENABLE_MODULES = YES;
				CLANG_ENABLE_OBJC_ARC = YES;
				CLANG_WARN_BLOCK_CAPTURE_AUTORELEASING = YES;
				CLANG_WARN_BOOL_CONVERSION = YES;
				CLANG_WARN_COMMA = YES;
				CLANG_WARN_CONSTANT_CONVERSION = YES;
				CLANG_WARN_DIRECT_OBJC_ISA_USAGE = YES_ERROR;
				CLANG_WARN_DOCUMENTATION_COMMENTS = YES;
				CLANG_WARN_EMPTY_BODY = YES;
				CLANG_WARN_ENUM_CONVERSION = YES;
				CLANG_WARN_INFINITE_RECURSION = YES;
				CLANG_WARN_INT_CONVERSION = YES;
				CLANG_WARN_NON_LITERAL_NULL_CONVERSION = YES;
				CLANG_WARN_OBJC_LITERAL_CONVERSION = YES;
				CLANG_WARN_OBJC_ROOT_CLASS = YES_ERROR;
				CLANG_WARN_RANGE_LOOP_ANALYSIS = YES;
				CLANG_WARN_STRICT_PROTOTYPES = YES;
				CLANG_WARN_SUSPICIOUS_MOVE = YES;
				CLANG_WARN_UNGUARDED_AVAILABILITY = YES_AGGRESSIVE;
				CLANG_WARN_UNREACHABLE_CODE = YES;
				CLANG_WARN__DUPLICATE_METHOD_MATCH = YES;
				CODE_SIGN_IDENTITY = "iPhone Developer";
				COPY_PHASE_STRIP = NO;
				DEBUG_INFORMATION_FORMAT = dwarf;
				ENABLE_STRICT_OBJC_MSGSEND = YES;
				ENABLE_TESTABILITY = YES;
				GCC_C_LANGUAGE_STANDARD = gnu11;
				GCC_DYNAMIC_NO_PIC = NO;
				GCC_NO_COMMON_BLOCKS = YES;
				GCC_OPTIMIZATION_LEVEL = 0;
				GCC_PREPROCESSOR_DEFINITIONS = (
					"DEBUG=1",
					"$(inherited)",
				);
				GCC_WARN_64_TO_32_BIT_CONVERSION = YES;
				GCC_WARN_ABOUT_RETURN_TYPE = YES_ERROR;
				GCC_WARN_UNDECLARED_SELECTOR = YES;
				GCC_WARN_UNINITIALIZED_AUTOS = YES_AGGRESSIVE;
				GCC_WARN_UNUSED_FUNCTION = YES;
				GCC_WARN_UNUSED_VARIABLE = YES;
				IPHONEOS_DEPLOYMENT_TARGET = 11.1;
				MTL_ENABLE_DEBUG_INFO = YES;
				ONLY_ACTIVE_ARCH = YES;
				SDKROOT = iphoneos;
				SWIFT_ACTIVE_COMPILATION_CONDITIONS = DEBUG;
				SWIFT_OPTIMIZATION_LEVEL = "-Onone";
			};
			name = Debug;
		};
		E30EC9D020126CE100915455 /* Release */ = {
			isa = XCBuildConfiguration;
			buildSettings = {
				ALWAYS_SEARCH_USER_PATHS = NO;
				CLANG_ANALYZER_NONNULL = YES;
				CLANG_ANALYZER_NUMBER_OBJECT_CONVERSION = YES_AGGRESSIVE;
				CLANG_CXX_LANGUAGE_STANDARD = "gnu++14";
				CLANG_CXX_LIBRARY = "libc++";
				CLANG_ENABLE_MODULES = YES;
				CLANG_ENABLE_OBJC_ARC = YES;
				CLANG_WARN_BLOCK_CAPTURE_AUTORELEASING = YES;
				CLANG_WARN_BOOL_CONVERSION = YES;
				CLANG_WARN_COMMA = YES;
				CLANG_WARN_CONSTANT_CONVERSION = YES;
				CLANG_WARN_DIRECT_OBJC_ISA_USAGE = YES_ERROR;
				CLANG_WARN_DOCUMENTATION_COMMENTS = YES;
				CLANG_WARN_EMPTY_BODY = YES;
				CLANG_WARN_ENUM_CONVERSION = YES;
				CLANG_WARN_INFINITE_RECURSION = YES;
				CLANG_WARN_INT_CONVERSION = YES;
				CLANG_WARN_NON_LITERAL_NULL_CONVERSION = YES;
				CLANG_WARN_OBJC_LITERAL_CONVERSION = YES;
				CLANG_WARN_OBJC_ROOT_CLASS = YES_ERROR;
				CLANG_WARN_RANGE_LOOP_ANALYSIS = YES;
				CLANG_WARN_STRICT_PROTOTYPES = YES;
				CLANG_WARN_SUSPICIOUS_MOVE = YES;
				CLANG_WARN_UNGUARDED_AVAILABILITY = YES_AGGRESSIVE;
				CLANG_WARN_UNREACHABLE_CODE = YES;
				CLANG_WARN__DUPLICATE_METHOD_MATCH = YES;
				CODE_SIGN_IDENTITY = "iPhone Developer";
				COPY_PHASE_STRIP = NO;
				DEBUG_INFORMATION_FORMAT = "dwarf-with-dsym";
				ENABLE_NS_ASSERTIONS = NO;
				ENABLE_STRICT_OBJC_MSGSEND = YES;
				GCC_C_LANGUAGE_STANDARD = gnu11;
				GCC_NO_COMMON_BLOCKS = YES;
				GCC_WARN_64_TO_32_BIT_CONVERSION = YES;
				GCC_WARN_ABOUT_RETURN_TYPE = YES_ERROR;
				GCC_WARN_UNDECLARED_SELECTOR = YES;
				GCC_WARN_UNINITIALIZED_AUTOS = YES_AGGRESSIVE;
				GCC_WARN_UNUSED_FUNCTION = YES;
				GCC_WARN_UNUSED_VARIABLE = YES;
				IPHONEOS_DEPLOYMENT_TARGET = 11.1;
				MTL_ENABLE_DEBUG_INFO = NO;
				SDKROOT = iphoneos;
				SWIFT_OPTIMIZATION_LEVEL = "-Owholemodule";
				VALIDATE_PRODUCT = YES;
			};
			name = Release;
		};
		E30EC9D220126CE100915455 /* Debug */ = {
			isa = XCBuildConfiguration;
			baseConfigurationReference = 5127586F0CA4DCE984F77B75 /* Pods-Marvellous.debug.xcconfig */;
			buildSettings = {
				ALWAYS_EMBED_SWIFT_STANDARD_LIBRARIES = YES;
				ASSETCATALOG_COMPILER_APPICON_NAME = AppIcon;
				CODE_SIGN_STYLE = Automatic;
				DEVELOPMENT_TEAM = R22XZQ4UW8;
				INFOPLIST_FILE = Marvellous/Info.plist;
				LD_RUNPATH_SEARCH_PATHS = "$(inherited) @executable_path/Frameworks";
				PRODUCT_BUNDLE_IDENTIFIER = it.giubot.Marvellous;
				PRODUCT_NAME = "$(TARGET_NAME)";
				SWIFT_VERSION = 4.0;
				TARGETED_DEVICE_FAMILY = "1,2";
			};
			name = Debug;
		};
		E30EC9D320126CE100915455 /* Release */ = {
			isa = XCBuildConfiguration;
			baseConfigurationReference = F87D2E5BA1D5558AA28D8B8B /* Pods-Marvellous.release.xcconfig */;
			buildSettings = {
				ALWAYS_EMBED_SWIFT_STANDARD_LIBRARIES = YES;
				ASSETCATALOG_COMPILER_APPICON_NAME = AppIcon;
				CODE_SIGN_STYLE = Automatic;
				DEVELOPMENT_TEAM = R22XZQ4UW8;
				INFOPLIST_FILE = Marvellous/Info.plist;
				LD_RUNPATH_SEARCH_PATHS = "$(inherited) @executable_path/Frameworks";
				PRODUCT_BUNDLE_IDENTIFIER = it.giubot.Marvellous;
				PRODUCT_NAME = "$(TARGET_NAME)";
				SWIFT_VERSION = 4.0;
				TARGETED_DEVICE_FAMILY = "1,2";
			};
			name = Release;
		};
		E30EC9D520126CE100915455 /* Debug */ = {
			isa = XCBuildConfiguration;
			buildSettings = {
				ALWAYS_EMBED_SWIFT_STANDARD_LIBRARIES = YES;
				BUNDLE_LOADER = "$(TEST_HOST)";
				CODE_SIGN_STYLE = Automatic;
				DEVELOPMENT_TEAM = R22XZQ4UW8;
				INFOPLIST_FILE = MarvellousTests/Info.plist;
				LD_RUNPATH_SEARCH_PATHS = "$(inherited) @executable_path/Frameworks @loader_path/Frameworks";
				PRODUCT_BUNDLE_IDENTIFIER = it.giubot.MarvellousTests;
				PRODUCT_NAME = "$(TARGET_NAME)";
				SWIFT_VERSION = 4.0;
				TARGETED_DEVICE_FAMILY = "1,2";
				TEST_HOST = "$(BUILT_PRODUCTS_DIR)/Marvellous.app/Marvellous";
			};
			name = Debug;
		};
		E30EC9D620126CE100915455 /* Release */ = {
			isa = XCBuildConfiguration;
			buildSettings = {
				ALWAYS_EMBED_SWIFT_STANDARD_LIBRARIES = YES;
				BUNDLE_LOADER = "$(TEST_HOST)";
				CODE_SIGN_STYLE = Automatic;
				DEVELOPMENT_TEAM = R22XZQ4UW8;
				INFOPLIST_FILE = MarvellousTests/Info.plist;
				LD_RUNPATH_SEARCH_PATHS = "$(inherited) @executable_path/Frameworks @loader_path/Frameworks";
				PRODUCT_BUNDLE_IDENTIFIER = it.giubot.MarvellousTests;
				PRODUCT_NAME = "$(TARGET_NAME)";
				SWIFT_VERSION = 4.0;
				TARGETED_DEVICE_FAMILY = "1,2";
				TEST_HOST = "$(BUILT_PRODUCTS_DIR)/Marvellous.app/Marvellous";
			};
			name = Release;
		};
		E30EC9D820126CE100915455 /* Debug */ = {
			isa = XCBuildConfiguration;
			buildSettings = {
				ALWAYS_EMBED_SWIFT_STANDARD_LIBRARIES = YES;
				CODE_SIGN_STYLE = Automatic;
				DEVELOPMENT_TEAM = R22XZQ4UW8;
				INFOPLIST_FILE = MarvellousUITests/Info.plist;
				LD_RUNPATH_SEARCH_PATHS = "$(inherited) @executable_path/Frameworks @loader_path/Frameworks";
				PRODUCT_BUNDLE_IDENTIFIER = it.giubot.MarvellousUITests;
				PRODUCT_NAME = "$(TARGET_NAME)";
				SWIFT_VERSION = 4.0;
				TARGETED_DEVICE_FAMILY = "1,2";
				TEST_TARGET_NAME = Marvellous;
			};
			name = Debug;
		};
		E30EC9D920126CE100915455 /* Release */ = {
			isa = XCBuildConfiguration;
			buildSettings = {
				ALWAYS_EMBED_SWIFT_STANDARD_LIBRARIES = YES;
				CODE_SIGN_STYLE = Automatic;
				DEVELOPMENT_TEAM = R22XZQ4UW8;
				INFOPLIST_FILE = MarvellousUITests/Info.plist;
				LD_RUNPATH_SEARCH_PATHS = "$(inherited) @executable_path/Frameworks @loader_path/Frameworks";
				PRODUCT_BUNDLE_IDENTIFIER = it.giubot.MarvellousUITests;
				PRODUCT_NAME = "$(TARGET_NAME)";
				SWIFT_VERSION = 4.0;
				TARGETED_DEVICE_FAMILY = "1,2";
				TEST_TARGET_NAME = Marvellous;
			};
			name = Release;
		};
/* End XCBuildConfiguration section */

/* Begin XCConfigurationList section */
		E30EC9A420126CE100915455 /* Build configuration list for PBXProject "Marvellous" */ = {
			isa = XCConfigurationList;
			buildConfigurations = (
				E30EC9CF20126CE100915455 /* Debug */,
				E30EC9D020126CE100915455 /* Release */,
			);
			defaultConfigurationIsVisible = 0;
			defaultConfigurationName = Release;
		};
		E30EC9D120126CE100915455 /* Build configuration list for PBXNativeTarget "Marvellous" */ = {
			isa = XCConfigurationList;
			buildConfigurations = (
				E30EC9D220126CE100915455 /* Debug */,
				E30EC9D320126CE100915455 /* Release */,
			);
			defaultConfigurationIsVisible = 0;
			defaultConfigurationName = Release;
		};
		E30EC9D420126CE100915455 /* Build configuration list for PBXNativeTarget "MarvellousTests" */ = {
			isa = XCConfigurationList;
			buildConfigurations = (
				E30EC9D520126CE100915455 /* Debug */,
				E30EC9D620126CE100915455 /* Release */,
			);
			defaultConfigurationIsVisible = 0;
			defaultConfigurationName = Release;
		};
		E30EC9D720126CE100915455 /* Build configuration list for PBXNativeTarget "MarvellousUITests" */ = {
			isa = XCConfigurationList;
			buildConfigurations = (
				E30EC9D820126CE100915455 /* Debug */,
				E30EC9D920126CE100915455 /* Release */,
			);
			defaultConfigurationIsVisible = 0;
			defaultConfigurationName = Release;
		};
/* End XCConfigurationList section */
	};
	rootObject = E30EC9A120126CE100915455 /* Project object */;
}
